// !$*UTF8*$!
{
	archiveVersion = 1;
	classes = {
	};
	objectVersion = 77;
	objects = {

/* Begin PBXBuildFile section */
		378762FD2F4E45BE004695BA /* XYPlot in Frameworks */ = {isa = PBXBuildFile; productRef = 378762FC2F4E45BE004695BA /* XYPlot */; };
/* End PBXBuildFile section */

/* Begin PBXContainerItemProxy section */
		37FA88562F47853200235712 /* PBXContainerItemProxy */ = {
			isa = PBXContainerItemProxy;
			containerPortal = 37FA88402F47852C00235712 /* Project object */;
			proxyType = 1;
			remoteGlobalIDString = 37FA88472F47852C00235712;
			remoteInfo = CurveFitterPro;
		};
		37FA88602F47853200235712 /* PBXContainerItemProxy */ = {
			isa = PBXContainerItemProxy;
			containerPortal = 37FA88402F47852C00235712 /* Project object */;
			proxyType = 1;
			remoteGlobalIDString = 37FA88472F47852C00235712;
			remoteInfo = CurveFitterPro;
		};
/* End PBXContainerItemProxy section */

/* Begin PBXFileReference section */
		37FA88482F47852C00235712 /* CurveFitterPro.app */ = {isa = PBXFileReference; explicitFileType = wrapper.application; includeInIndex = 0; path = CurveFitterPro.app; sourceTree = BUILT_PRODUCTS_DIR; };
		37FA88552F47853200235712 /* CurveFitterProTests.xctest */ = {isa = PBXFileReference; explicitFileType = wrapper.cfbundle; includeInIndex = 0; path = CurveFitterProTests.xctest; sourceTree = BUILT_PRODUCTS_DIR; };
		37FA885F2F47853200235712 /* CurveFitterProUITests.xctest */ = {isa = PBXFileReference; explicitFileType = wrapper.cfbundle; includeInIndex = 0; path = CurveFitterProUITests.xctest; sourceTree = BUILT_PRODUCTS_DIR; };
/* End PBXFileReference section */

/* Begin PBXFileSystemSynchronizedRootGroup section */
		37FA884A2F47852C00235712 /* CurveFitterPro */ = {
			isa = PBXFileSystemSynchronizedRootGroup;
			path = CurveFitterPro;
			sourceTree = "<group>";
		};
		37FA88582F47853200235712 /* CurveFitterProTests */ = {
			isa = PBXFileSystemSynchronizedRootGroup;
			path = CurveFitterProTests;
			sourceTree = "<group>";
		};
		37FA88622F47853200235712 /* CurveFitterProUITests */ = {
			isa = PBXFileSystemSynchronizedRootGroup;
			path = CurveFitterProUITests;
			sourceTree = "<group>";
		};
/* End PBXFileSystemSynchronizedRootGroup section */

/* Begin PBXFrameworksBuildPhase section */
		37FA88452F47852C00235712 /* Frameworks */ = {
			isa = PBXFrameworksBuildPhase;
			buildActionMask = 2147483647;
			files = (
				378762FD2F4E45BE004695BA /* XYPlot in Frameworks */,
			);
			runOnlyForDeploymentPostprocessing = 0;
		};
		37FA88522F47853200235712 /* Frameworks */ = {
			isa = PBXFrameworksBuildPhase;
			buildActionMask = 2147483647;
			files = (
			);
			runOnlyForDeploymentPostprocessing = 0;
		};
		37FA885C2F47853200235712 /* Frameworks */ = {
			isa = PBXFrameworksBuildPhase;
			buildActionMask = 2147483647;
			files = (
			);
			runOnlyForDeploymentPostprocessing = 0;
		};
/* End PBXFrameworksBuildPhase section */

/* Begin PBXGroup section */
		37FA883F2F47852C00235712 = {
			isa = PBXGroup;
			children = (
				37FA884A2F47852C00235712 /* CurveFitterPro */,
				37FA88582F47853200235712 /* CurveFitterProTests */,
				37FA88622F47853200235712 /* CurveFitterProUITests */,
				37FA88492F47852C00235712 /* Products */,
			);
			sourceTree = "<group>";
		};
		37FA88492F47852C00235712 /* Products */ = {
			isa = PBXGroup;
			children = (
				37FA88482F47852C00235712 /* CurveFitterPro.app */,
				37FA88552F47853200235712 /* CurveFitterProTests.xctest */,
				37FA885F2F47853200235712 /* CurveFitterProUITests.xctest */,
			);
			name = Products;
			sourceTree = "<group>";
		};
/* End PBXGroup section */

/* Begin PBXNativeTarget section */
		37FA88472F47852C00235712 /* CurveFitterPro */ = {
			isa = PBXNativeTarget;
			buildConfigurationList = 37FA88692F47853200235712 /* Build configuration list for PBXNativeTarget "CurveFitterPro" */;
			buildPhases = (
				37FA88442F47852C00235712 /* Sources */,
				37FA88452F47852C00235712 /* Frameworks */,
				37FA88462F47852C00235712 /* Resources */,
			);
			buildRules = (
			);
			dependencies = (
			);
			fileSystemSynchronizedGroups = (
				37FA884A2F47852C00235712 /* CurveFitterPro */,
			);
			name = CurveFitterPro;
			packageProductDependencies = (
				378762FC2F4E45BE004695BA /* XYPlot */,
			);
			productName = CurveFitterPro;
			productReference = 37FA88482F47852C00235712 /* CurveFitterPro.app */;
			productType = "com.apple.product-type.application";
		};
		37FA88542F47853200235712 /* CurveFitterProTests */ = {
			isa = PBXNativeTarget;
			buildConfigurationList = 37FA886C2F47853200235712 /* Build configuration list for PBXNativeTarget "CurveFitterProTests" */;
			buildPhases = (
				37FA88512F47853200235712 /* Sources */,
				37FA88522F47853200235712 /* Frameworks */,
				37FA88532F47853200235712 /* Resources */,
			);
			buildRules = (
			);
			dependencies = (
				37FA88572F47853200235712 /* PBXTargetDependency */,
			);
			fileSystemSynchronizedGroups = (
				37FA88582F47853200235712 /* CurveFitterProTests */,
			);
			name = CurveFitterProTests;
			packageProductDependencies = (
			);
			productName = CurveFitterProTests;
			productReference = 37FA88552F47853200235712 /* CurveFitterProTests.xctest */;
			productType = "com.apple.product-type.bundle.unit-test";
		};
		37FA885E2F47853200235712 /* CurveFitterProUITests */ = {
			isa = PBXNativeTarget;
			buildConfigurationList = 37FA886F2F47853200235712 /* Build configuration list for PBXNativeTarget "CurveFitterProUITests" */;
			buildPhases = (
				37FA885B2F47853200235712 /* Sources */,
				37FA885C2F47853200235712 /* Frameworks */,
				37FA885D2F47853200235712 /* Resources */,
			);
			buildRules = (
			);
			dependencies = (
				37FA88612F47853200235712 /* PBXTargetDependency */,
			);
			fileSystemSynchronizedGroups = (
				37FA88622F47853200235712 /* CurveFitterProUITests */,
			);
			name = CurveFitterProUITests;
			packageProductDependencies = (
			);
			productName = CurveFitterProUITests;
			productReference = 37FA885F2F47853200235712 /* CurveFitterProUITests.xctest */;
			productType = "com.apple.product-type.bundle.ui-testing";
		};
/* End PBXNativeTarget section */

/* Begin PBXProject section */
		37FA88402F47852C00235712 /* Project object */ = {
			isa = PBXProject;
			attributes = {
				BuildIndependentTargetsInParallel = 1;
				LastSwiftUpdateCheck = 2620;
				LastUpgradeCheck = 2620;
				TargetAttributes = {
					37FA88472F47852C00235712 = {
						CreatedOnToolsVersion = 26.2;
					};
					37FA88542F47853200235712 = {
						CreatedOnToolsVersion = 26.2;
						TestTargetID = 37FA88472F47852C00235712;
					};
					37FA885E2F47853200235712 = {
						CreatedOnToolsVersion = 26.2;
						TestTargetID = 37FA88472F47852C00235712;
					};
				};
			};
			buildConfigurationList = 37FA88432F47852C00235712 /* Build configuration list for PBXProject "CurveFitterPro" */;
			developmentRegion = en;
			hasScannedForEncodings = 0;
			knownRegions = (
				en,
				Base,
			);
			mainGroup = 37FA883F2F47852C00235712;
			minimizedProjectReferenceProxies = 1;
			packageReferences = (
				378762FB2F4E45BE004695BA /* XCRemoteSwiftPackageReference "XYPlot" */,
			);
			preferredProjectObjectVersion = 77;
			productRefGroup = 37FA88492F47852C00235712 /* Products */;
			projectDirPath = "";
			projectRoot = "";
			targets = (
				37FA88472F47852C00235712 /* CurveFitterPro */,
				37FA88542F47853200235712 /* CurveFitterProTests */,
				37FA885E2F47853200235712 /* CurveFitterProUITests */,
			);
		};
/* End PBXProject section */

/* Begin PBXResourcesBuildPhase section */
		37FA88462F47852C00235712 /* Resources */ = {
			isa = PBXResourcesBuildPhase;
			buildActionMask = 2147483647;
			files = (
			);
			runOnlyForDeploymentPostprocessing = 0;
		};
		37FA88532F47853200235712 /* Resources */ = {
			isa = PBXResourcesBuildPhase;
			buildActionMask = 2147483647;
			files = (
			);
			runOnlyForDeploymentPostprocessing = 0;
		};
		37FA885D2F47853200235712 /* Resources */ = {
			isa = PBXResourcesBuildPhase;
			buildActionMask = 2147483647;
			files = (
			);
			runOnlyForDeploymentPostprocessing = 0;
		};
/* End PBXResourcesBuildPhase section */

/* Begin PBXSourcesBuildPhase section */
		37FA88442F47852C00235712 /* Sources */ = {
			isa = PBXSourcesBuildPhase;
			buildActionMask = 2147483647;
			files = (
			);
			runOnlyForDeploymentPostprocessing = 0;
		};
		37FA88512F47853200235712 /* Sources */ = {
			isa = PBXSourcesBuildPhase;
			buildActionMask = 2147483647;
			files = (
			);
			runOnlyForDeploymentPostprocessing = 0;
		};
		37FA885B2F47853200235712 /* Sources */ = {
			isa = PBXSourcesBuildPhase;
			buildActionMask = 2147483647;
			files = (
			);
			runOnlyForDeploymentPostprocessing = 0;
		};
/* End PBXSourcesBuildPhase section */

/* Begin PBXTargetDependency section */
		37FA88572F47853200235712 /* PBXTargetDependency */ = {
			isa = PBXTargetDependency;
			target = 37FA88472F47852C00235712 /* CurveFitterPro */;
			targetProxy = 37FA88562F47853200235712 /* PBXContainerItemProxy */;
		};
		37FA88612F47853200235712 /* PBXTargetDependency */ = {
			isa = PBXTargetDependency;
			target = 37FA88472F47852C00235712 /* CurveFitterPro */;
			targetProxy = 37FA88602F47853200235712 /* PBXContainerItemProxy */;
		};
/* End PBXTargetDependency section */

/* Begin XCBuildConfiguration section */
		37FA88672F47853200235712 /* Debug */ = {
			isa = XCBuildConfiguration;
			buildSettings = {
				ALWAYS_SEARCH_USER_PATHS = NO;
				ASSETCATALOG_COMPILER_GENERATE_SWIFT_ASSET_SYMBOL_EXTENSIONS = YES;
				CLANG_ANALYZER_NONNULL = YES;
				CLANG_ANALYZER_NUMBER_OBJECT_CONVERSION = YES_AGGRESSIVE;
				CLANG_CXX_LANGUAGE_STANDARD = "gnu++20";
				CLANG_ENABLE_MODULES = YES;
				CLANG_ENABLE_OBJC_ARC = YES;
				CLANG_ENABLE_OBJC_WEAK = YES;
				CLANG_WARN_BLOCK_CAPTURE_AUTORELEASING = YES;
				CLANG_WARN_BOOL_CONVERSION = YES;
				CLANG_WARN_COMMA = YES;
				CLANG_WARN_CONSTANT_CONVERSION = YES;
				CLANG_WARN_DEPRECATED_OBJC_IMPLEMENTATIONS = YES;
				CLANG_WARN_DIRECT_OBJC_ISA_USAGE = YES_ERROR;
				CLANG_WARN_DOCUMENTATION_COMMENTS = YES;
				CLANG_WARN_EMPTY_BODY = YES;
				CLANG_WARN_ENUM_CONVERSION = YES;
				CLANG_WARN_INFINITE_RECURSION = YES;
				CLANG_WARN_INT_CONVERSION = YES;
				CLANG_WARN_NON_LITERAL_NULL_CONVERSION = YES;
				CLANG_WARN_OBJC_IMPLICIT_RETAIN_SELF = YES;
				CLANG_WARN_OBJC_LITERAL_CONVERSION = YES;
				CLANG_WARN_OBJC_ROOT_CLASS = YES_ERROR;
				CLANG_WARN_QUOTED_INCLUDE_IN_FRAMEWORK_HEADER = YES;
				CLANG_WARN_RANGE_LOOP_ANALYSIS = YES;
				CLANG_WARN_STRICT_PROTOTYPES = YES;
				CLANG_WARN_SUSPICIOUS_MOVE = YES;
				CLANG_WARN_UNGUARDED_AVAILABILITY = YES_AGGRESSIVE;
				CLANG_WARN_UNREACHABLE_CODE = YES;
				CLANG_WARN__DUPLICATE_METHOD_MATCH = YES;
				COPY_PHASE_STRIP = NO;
				DEBUG_INFORMATION_FORMAT = dwarf;
				DEVELOPMENT_TEAM = C7S45947T7;
				ENABLE_STRICT_OBJC_MSGSEND = YES;
				ENABLE_TESTABILITY = YES;
				ENABLE_USER_SCRIPT_SANDBOXING = YES;
				GCC_C_LANGUAGE_STANDARD = gnu17;
				GCC_DYNAMIC_NO_PIC = NO;
				GCC_NO_COMMON_BLOCKS = YES;
				GCC_OPTIMIZATION_LEVEL = 0;
				GCC_PREPROCESSOR_DEFINITIONS = (
					"DEBUG=1",
					"$(inherited)",
				);
				GCC_WARN_64_TO_32_BIT_CONVERSION = YES;
				GCC_WARN_ABOUT_RETURN_TYPE = YES_ERROR;
				GCC_WARN_UNDECLARED_SELECTOR = YES;
				GCC_WARN_UNINITIALIZED_AUTOS = YES_AGGRESSIVE;
				GCC_WARN_UNUSED_FUNCTION = YES;
				GCC_WARN_UNUSED_VARIABLE = YES;
				IPHONEOS_DEPLOYMENT_TARGET = 17.6;
				LOCALIZATION_PREFERS_STRING_CATALOGS = YES;
				MTL_ENABLE_DEBUG_INFO = INCLUDE_SOURCE;
				MTL_FAST_MATH = YES;
				ONLY_ACTIVE_ARCH = YES;
				SDKROOT = iphoneos;
				SWIFT_ACTIVE_COMPILATION_CONDITIONS = "DEBUG $(inherited)";
				SWIFT_OPTIMIZATION_LEVEL = "-Onone";
			};
			name = Debug;
		};
		37FA88682F47853200235712 /* Release */ = {
			isa = XCBuildConfiguration;
			buildSettings = {
				ALWAYS_SEARCH_USER_PATHS = NO;
				ASSETCATALOG_COMPILER_GENERATE_SWIFT_ASSET_SYMBOL_EXTENSIONS = YES;
				CLANG_ANALYZER_NONNULL = YES;
				CLANG_ANALYZER_NUMBER_OBJECT_CONVERSION = YES_AGGRESSIVE;
				CLANG_CXX_LANGUAGE_STANDARD = "gnu++20";
				CLANG_ENABLE_MODULES = YES;
				CLANG_ENABLE_OBJC_ARC = YES;
				CLANG_ENABLE_OBJC_WEAK = YES;
				CLANG_WARN_BLOCK_CAPTURE_AUTORELEASING = YES;
				CLANG_WARN_BOOL_CONVERSION = YES;
				CLANG_WARN_COMMA = YES;
				CLANG_WARN_CONSTANT_CONVERSION = YES;
				CLANG_WARN_DEPRECATED_OBJC_IMPLEMENTATIONS = YES;
				CLANG_WARN_DIRECT_OBJC_ISA_USAGE = YES_ERROR;
				CLANG_WARN_DOCUMENTATION_COMMENTS = YES;
				CLANG_WARN_EMPTY_BODY = YES;
				CLANG_WARN_ENUM_CONVERSION = YES;
				CLANG_WARN_INFINITE_RECURSION = YES;
				CLANG_WARN_INT_CONVERSION = YES;
				CLANG_WARN_NON_LITERAL_NULL_CONVERSION = YES;
				CLANG_WARN_OBJC_IMPLICIT_RETAIN_SELF = YES;
				CLANG_WARN_OBJC_LITERAL_CONVERSION = YES;
				CLANG_WARN_OBJC_ROOT_CLASS = YES_ERROR;
				CLANG_WARN_QUOTED_INCLUDE_IN_FRAMEWORK_HEADER = YES;
				CLANG_WARN_RANGE_LOOP_ANALYSIS = YES;
				CLANG_WARN_STRICT_PROTOTYPES = YES;
				CLANG_WARN_SUSPICIOUS_MOVE = YES;
				CLANG_WARN_UNGUARDED_AVAILABILITY = YES_AGGRESSIVE;
				CLANG_WARN_UNREACHABLE_CODE = YES;
				CLANG_WARN__DUPLICATE_METHOD_MATCH = YES;
				COPY_PHASE_STRIP = NO;
				DEBUG_INFORMATION_FORMAT = "dwarf-with-dsym";
				DEVELOPMENT_TEAM = C7S45947T7;
				ENABLE_NS_ASSERTIONS = NO;
				ENABLE_STRICT_OBJC_MSGSEND = YES;
				ENABLE_USER_SCRIPT_SANDBOXING = YES;
				GCC_C_LANGUAGE_STANDARD = gnu17;
				GCC_NO_COMMON_BLOCKS = YES;
				GCC_WARN_64_TO_32_BIT_CONVERSION = YES;
				GCC_WARN_ABOUT_RETURN_TYPE = YES_ERROR;
				GCC_WARN_UNDECLARED_SELECTOR = YES;
				GCC_WARN_UNINITIALIZED_AUTOS = YES_AGGRESSIVE;
				GCC_WARN_UNUSED_FUNCTION = YES;
				GCC_WARN_UNUSED_VARIABLE = YES;
				IPHONEOS_DEPLOYMENT_TARGET = 17.6;
				LOCALIZATION_PREFERS_STRING_CATALOGS = YES;
				MTL_ENABLE_DEBUG_INFO = NO;
				MTL_FAST_MATH = YES;
				SDKROOT = iphoneos;
				SWIFT_COMPILATION_MODE = wholemodule;
				VALIDATE_PRODUCT = YES;
			};
			name = Release;
		};
		37FA886A2F47853200235712 /* Debug */ = {
			isa = XCBuildConfiguration;
			buildSettings = {
				ASSETCATALOG_COMPILER_APPICON_NAME = AppIcon;
				ASSETCATALOG_COMPILER_GLOBAL_ACCENT_COLOR_NAME = AccentColor;
				CODE_SIGN_STYLE = Automatic;
				CURRENT_PROJECT_VERSION = 1;
				DEVELOPMENT_TEAM = C7S45947T7;
				ENABLE_PREVIEWS = YES;
				GENERATE_INFOPLIST_FILE = YES;
				INFOPLIST_KEY_UIApplicationSceneManifest_Generation = YES;
				INFOPLIST_KEY_UIApplicationSupportsIndirectInputEvents = YES;
				INFOPLIST_KEY_UILaunchScreen_Generation = YES;
				INFOPLIST_KEY_UISupportedInterfaceOrientations_iPad = "UIInterfaceOrientationPortrait UIInterfaceOrientationPortraitUpsideDown UIInterfaceOrientationLandscapeLeft UIInterfaceOrientationLandscapeRight";
				INFOPLIST_KEY_UISupportedInterfaceOrientations_iPhone = "UIInterfaceOrientationPortrait UIInterfaceOrientationLandscapeLeft UIInterfaceOrientationLandscapeRight";
				IPHONEOS_DEPLOYMENT_TARGET = 17.6;
				LD_RUNPATH_SEARCH_PATHS = (
					"$(inherited)",
					"@executable_path/Frameworks",
				);
				MARKETING_VERSION = 1.0;
				PRODUCT_BUNDLE_IDENTIFIER = com.MoundCitySoftware.CurveFitterPro;
				PRODUCT_NAME = "$(TARGET_NAME)";
				STRING_CATALOG_GENERATE_SYMBOLS = YES;
				SWIFT_APPROACHABLE_CONCURRENCY = YES;
				SWIFT_DEFAULT_ACTOR_ISOLATION = MainActor;
				SWIFT_EMIT_LOC_STRINGS = YES;
				SWIFT_UPCOMING_FEATURE_MEMBER_IMPORT_VISIBILITY = YES;
				SWIFT_VERSION = 5.0;
				TARGETED_DEVICE_FAMILY = "1,2";
			};
			name = Debug;
		};
		37FA886B2F47853200235712 /* Release */ = {
			isa = XCBuildConfiguration;
			buildSettings = {
				ASSETCATALOG_COMPILER_APPICON_NAME = AppIcon;
				ASSETCATALOG_COMPILER_GLOBAL_ACCENT_COLOR_NAME = AccentColor;
				CODE_SIGN_STYLE = Automatic;
				CURRENT_PROJECT_VERSION = 1;
				DEVELOPMENT_TEAM = C7S45947T7;
				ENABLE_PREVIEWS = YES;
				GENERATE_INFOPLIST_FILE = YES;
				INFOPLIST_KEY_UIApplicationSceneManifest_Generation = YES;
				INFOPLIST_KEY_UIApplicationSupportsIndirectInputEvents = YES;
				INFOPLIST_KEY_UILaunchScreen_Generation = YES;
				INFOPLIST_KEY_UISupportedInterfaceOrientations_iPad = "UIInterfaceOrientationPortrait UIInterfaceOrientationPortraitUpsideDown UIInterfaceOrientationLandscapeLeft UIInterfaceOrientationLandscapeRight";
				INFOPLIST_KEY_UISupportedInterfaceOrientations_iPhone = "UIInterfaceOrientationPortrait UIInterfaceOrientationLandscapeLeft UIInterfaceOrientationLandscapeRight";
				IPHONEOS_DEPLOYMENT_TARGET = 17.6;
				LD_RUNPATH_SEARCH_PATHS = (
					"$(inherited)",
					"@executable_path/Frameworks",
				);
				MARKETING_VERSION = 1.0;
				PRODUCT_BUNDLE_IDENTIFIER = com.MoundCitySoftware.CurveFitterPro;
				PRODUCT_NAME = "$(TARGET_NAME)";
				STRING_CATALOG_GENERATE_SYMBOLS = YES;
				SWIFT_APPROACHABLE_CONCURRENCY = YES;
				SWIFT_DEFAULT_ACTOR_ISOLATION = MainActor;
				SWIFT_EMIT_LOC_STRINGS = YES;
				SWIFT_UPCOMING_FEATURE_MEMBER_IMPORT_VISIBILITY = YES;
				SWIFT_VERSION = 5.0;
				TARGETED_DEVICE_FAMILY = "1,2";
			};
			name = Release;
		};
		37FA886D2F47853200235712 /* Debug */ = {
			isa = XCBuildConfiguration;
			buildSettings = {
				BUNDLE_LOADER = "$(TEST_HOST)";
				CODE_SIGN_STYLE = Automatic;
				CURRENT_PROJECT_VERSION = 1;
				DEVELOPMENT_TEAM = C7S45947T7;
				GENERATE_INFOPLIST_FILE = YES;
				IPHONEOS_DEPLOYMENT_TARGET = 26.2;
				MARKETING_VERSION = 1.0;
				PRODUCT_BUNDLE_IDENTIFIER = com.MoundCitySoftware.CurveFitterProTests;
				PRODUCT_NAME = "$(TARGET_NAME)";
				STRING_CATALOG_GENERATE_SYMBOLS = NO;
				SWIFT_APPROACHABLE_CONCURRENCY = YES;
				SWIFT_EMIT_LOC_STRINGS = NO;
				SWIFT_UPCOMING_FEATURE_MEMBER_IMPORT_VISIBILITY = YES;
				SWIFT_VERSION = 5.0;
				TARGETED_DEVICE_FAMILY = "1,2";
				TEST_HOST = "$(BUILT_PRODUCTS_DIR)/CurveFitterPro.app/$(BUNDLE_EXECUTABLE_FOLDER_PATH)/CurveFitterPro";
			};
			name = Debug;
		};
		37FA886E2F47853200235712 /* Release */ = {
			isa = XCBuildConfiguration;
			buildSettings = {
				BUNDLE_LOADER = "$(TEST_HOST)";
				CODE_SIGN_STYLE = Automatic;
				CURRENT_PROJECT_VERSION = 1;
				DEVELOPMENT_TEAM = C7S45947T7;
				GENERATE_INFOPLIST_FILE = YES;
				IPHONEOS_DEPLOYMENT_TARGET = 26.2;
				MARKETING_VERSION = 1.0;
				PRODUCT_BUNDLE_IDENTIFIER = com.MoundCitySoftware.CurveFitterProTests;
				PRODUCT_NAME = "$(TARGET_NAME)";
				STRING_CATALOG_GENERATE_SYMBOLS = NO;
				SWIFT_APPROACHABLE_CONCURRENCY = YES;
				SWIFT_EMIT_LOC_STRINGS = NO;
				SWIFT_UPCOMING_FEATURE_MEMBER_IMPORT_VISIBILITY = YES;
				SWIFT_VERSION = 5.0;
				TARGETED_DEVICE_FAMILY = "1,2";
				TEST_HOST = "$(BUILT_PRODUCTS_DIR)/CurveFitterPro.app/$(BUNDLE_EXECUTABLE_FOLDER_PATH)/CurveFitterPro";
			};
			name = Release;
		};
		37FA88702F47853200235712 /* Debug */ = {
			isa = XCBuildConfiguration;
			buildSettings = {
				CODE_SIGN_STYLE = Automatic;
				CURRENT_PROJECT_VERSION = 1;
				DEVELOPMENT_TEAM = C7S45947T7;
				GENERATE_INFOPLIST_FILE = YES;
				MARKETING_VERSION = 1.0;
				PRODUCT_BUNDLE_IDENTIFIER = com.MoundCitySoftware.CurveFitterProUITests;
				PRODUCT_NAME = "$(TARGET_NAME)";
				STRING_CATALOG_GENERATE_SYMBOLS = NO;
				SWIFT_APPROACHABLE_CONCURRENCY = YES;
				SWIFT_EMIT_LOC_STRINGS = NO;
				SWIFT_UPCOMING_FEATURE_MEMBER_IMPORT_VISIBILITY = YES;
				SWIFT_VERSION = 5.0;
				TARGETED_DEVICE_FAMILY = "1,2";
				TEST_TARGET_NAME = CurveFitterPro;
			};
			name = Debug;
		};
		37FA88712F47853200235712 /* Release */ = {
			isa = XCBuildConfiguration;
			buildSettings = {
				CODE_SIGN_STYLE = Automatic;
				CURRENT_PROJECT_VERSION = 1;
				DEVELOPMENT_TEAM = C7S45947T7;
				GENERATE_INFOPLIST_FILE = YES;
				MARKETING_VERSION = 1.0;
				PRODUCT_BUNDLE_IDENTIFIER = com.MoundCitySoftware.CurveFitterProUITests;
				PRODUCT_NAME = "$(TARGET_NAME)";
				STRING_CATALOG_GENERATE_SYMBOLS = NO;
				SWIFT_APPROACHABLE_CONCURRENCY = YES;
				SWIFT_EMIT_LOC_STRINGS = NO;
				SWIFT_UPCOMING_FEATURE_MEMBER_IMPORT_VISIBILITY = YES;
				SWIFT_VERSION = 5.0;
				TARGETED_DEVICE_FAMILY = "1,2";
				TEST_TARGET_NAME = CurveFitterPro;
			};
			name = Release;
		};
/* End XCBuildConfiguration section */

/* Begin XCConfigurationList section */
		37FA88432F47852C00235712 /* Build configuration list for PBXProject "CurveFitterPro" */ = {
			isa = XCConfigurationList;
			buildConfigurations = (
				37FA88672F47853200235712 /* Debug */,
				37FA88682F47853200235712 /* Release */,
			);
			defaultConfigurationIsVisible = 0;
			defaultConfigurationName = Release;
		};
		37FA88692F47853200235712 /* Build configuration list for PBXNativeTarget "CurveFitterPro" */ = {
			isa = XCConfigurationList;
			buildConfigurations = (
				37FA886A2F47853200235712 /* Debug */,
				37FA886B2F47853200235712 /* Release */,
			);
			defaultConfigurationIsVisible = 0;
			defaultConfigurationName = Release;
		};
		37FA886C2F47853200235712 /* Build configuration list for PBXNativeTarget "CurveFitterProTests" */ = {
			isa = XCConfigurationList;
			buildConfigurations = (
				37FA886D2F47853200235712 /* Debug */,
				37FA886E2F47853200235712 /* Release */,
			);
			defaultConfigurationIsVisible = 0;
			defaultConfigurationName = Release;
		};
		37FA886F2F47853200235712 /* Build configuration list for PBXNativeTarget "CurveFitterProUITests" */ = {
			isa = XCConfigurationList;
			buildConfigurations = (
				37FA88702F47853200235712 /* Debug */,
				37FA88712F47853200235712 /* Release */,
			);
			defaultConfigurationIsVisible = 0;
			defaultConfigurationName = Release;
		};
/* End XCConfigurationList section */

/* Begin XCRemoteSwiftPackageReference section */
		378762FB2F4E45BE004695BA /* XCRemoteSwiftPackageReference "XYPlot" */ = {
			isa = XCRemoteSwiftPackageReference;
			repositoryURL = "https://github.com/josephlevy222/XYPlot.git";
			requirement = {
				branch = main;
				kind = branch;
			};
		};
/* End XCRemoteSwiftPackageReference section */

/* Begin XCSwiftPackageProductDependency section */
		378762FC2F4E45BE004695BA /* XYPlot */ = {
			isa = XCSwiftPackageProductDependency;
			package = 378762FB2F4E45BE004695BA /* XCRemoteSwiftPackageReference "XYPlot" */;
			productName = XYPlot;
		};
/* End XCSwiftPackageProductDependency section */
	};
	rootObject = 37FA88402F47852C00235712 /* Project object */;
}
