{
  "originHash" : "8b451a267c921d88fc76f13b3393111493c437b2c3e81be444a96acdad45718a",
  "pins" : [
    {
      "identity" : "editabletext",
      "kind" : "remoteSourceControl",
      "location" : "https://github.com/josephlevy222/EditableText.git",
      "state" : {
        "branch" : "test",
        "revision" : "585bc16389777f9517f7f8cd0461cc295a78d3bd"
      }
    },
    {
      "identity" : "numerictextfield",
      "kind" : "remoteSourceControl",
      "location" : "https://github.com/josephlevy222/NumericTextField.git",
      "state" : {
        "branch" : "main",
        "revision" : "4b93451665855e9a3c1c22f7b7a28602ce41fde2"
      }
    },
    {
      "identity" : "utilities",
      "kind" : "remoteSourceControl",
      "location" : "https://github.com/josephlevy222/Utilities.git",
      "state" : {
        "branch" : "main",
        "revision" : "4fc441f12445f8e3098012007981d5fd21dcff47"
      }
    },
    {
      "identity" : "xyplot",
      "kind" : "remoteSourceControl",
      "location" : "https://github.com/josephlevy222/XYPlot.git",
      "state" : {
        "branch" : "main",
        "revision" : "bb6a63df05c2ff9979ed361b4a0e5a8ae3e63869"
      }
    }
  ],
  "version" : 3
}
