{
  "originHash" : "8b451a267c921d88fc76f13b3393111493c437b2c3e81be444a96acdad45718a",
  "pins" : [
    {
      "identity" : "editabletext",
      "kind" : "remoteSourceControl",
      "location" : "https://github.com/josephlevy222/EditableText.git",
      "state" : {
        "branch" : "test",
        "revision" : "552e13c80d6c109a9d4f2e446399673131778b66"
      }
    },
    {
      "identity" : "numerictextfield",
      "kind" : "remoteSourceControl",
      "location" : "https://github.com/josephlevy222/NumericTextField.git",
      "state" : {
        "branch" : "main",
        "revision" : "4bc412fa4ddc64499c418b06b12d92bb285f887b"
      }
    },
    {
      "identity" : "utilities",
      "kind" : "remoteSourceControl",
      "location" : "https://github.com/josephlevy222/Utilities.git",
      "state" : {
        "branch" : "main",
        "revision" : "f32e4ff97985f18e203d18b10a17f0ada5edd3ac"
      }
    },
    {
      "identity" : "xyplot",
      "kind" : "remoteSourceControl",
      "location" : "https://github.com/josephlevy222/XYPlot.git",
      "state" : {
        "branch" : "main",
        "revision" : "6aedd27b52571fbb8006c0bbd75d1ef7125736a8"
      }
    }
  ],
  "version" : 3
}
