{
  "originHash" : "8b451a267c921d88fc76f13b3393111493c437b2c3e81be444a96acdad45718a",
  "pins" : [
    {
      "identity" : "editabletext",
      "kind" : "remoteSourceControl",
      "location" : "https://github.com/josephlevy222/EditableText.git",
      "state" : {
        "branch" : "test",
        "revision" : "cb62b320d030d343019c3636e7492f60f36d5bd8"
      }
    },
    {
      "identity" : "numerictextfield",
      "kind" : "remoteSourceControl",
      "location" : "https://github.com/josephlevy222/NumericTextField.git",
      "state" : {
        "branch" : "main",
        "revision" : "c45773758d5dfa0449f4bd21a6ec335cca7ec9ca"
      }
    },
    {
      "identity" : "utilities",
      "kind" : "remoteSourceControl",
      "location" : "https://github.com/josephlevy222/Utilities.git",
      "state" : {
        "branch" : "main",
        "revision" : "4fc441f12445f8e3098012007981d5fd21dcff47"
      }
    },
    {
      "identity" : "xyplot",
      "kind" : "remoteSourceControl",
      "location" : "https://github.com/josephlevy222/XYPlot.git",
      "state" : {
        "branch" : "main",
        "revision" : "67e39b3f87e5df9739f2f0d1e53642141afce3b5"
      }
    }
  ],
  "version" : 3
}
